
Microsoft Visual Studio Solution File, Format Version 12.00
# Visual Studio Version 16
VisualStudioVersion = 16.0.30523.141
MinimumVisualStudioVersion = 10.0.40219.1
Project("{FAE04EC0-301F-11D3-BF4B-00C04F79EFBC}") = "TravelExperts", "TravelExperts.csproj", "{4398656D-9BD7-45C4-968B-2948FAA3B286}"
EndProject
Project("{FAE04EC0-301F-11D3-BF4B-00C04F79EFBC}") = "BusinessLayer", "..\..\..\..\Downloads\travelexperts\second trial\Travel Experts\BusinessLayer\BusinessLayer.csproj", "{EE23F65C-2C38-4085-A925-1A3639CD9C52}"
EndProject
Project("{FAE04EC0-301F-11D3-BF4B-00C04F79EFBC}") = "DataLayer", "..\..\..\..\Downloads\travelexperts\second trial\Travel Experts\DataLayer\DataLayer.csproj", "{33392E1B-0C8A-4BB9-B519-DFFFDB2DA13C}"
EndProject
Project("{FAE04EC0-301F-11D3-BF4B-00C04F79EFBC}") = "Travel Experts", "..\..\..\..\Downloads\travelexperts\second trial\Travel Experts\Travel Experts\Travel Experts.csproj", "{4142E854-A09F-46B3-B102-8A0CD49C9C1F}"
EndProject
Project("{2150E333-8FDC-42A3-9474-1A3956D46DE8}") = "Solution Items", "Solution Items", "{CC0E3BF4-3CCD-46CD-BD84-EB131A9FE294}"
	ProjectSection(SolutionItems) = preProject
		ReadMe.txt = ReadMe.txt
	EndProjectSection
EndProject
Global
	GlobalSection(SolutionConfigurationPlatforms) = preSolution
		Debug|Any CPU = Debug|Any CPU
		Release|Any CPU = Release|Any CPU
	EndGlobalSection
	GlobalSection(ProjectConfigurationPlatforms) = postSolution
		{4398656D-9BD7-45C4-968B-2948FAA3B286}.Debug|Any CPU.ActiveCfg = Debug|Any CPU
		{4398656D-9BD7-45C4-968B-2948FAA3B286}.Debug|Any CPU.Build.0 = Debug|Any CPU
		{4398656D-9BD7-45C4-968B-2948FAA3B286}.Release|Any CPU.ActiveCfg = Release|Any CPU
		{4398656D-9BD7-45C4-968B-2948FAA3B286}.Release|Any CPU.Build.0 = Release|Any CPU
		{EE23F65C-2C38-4085-A925-1A3639CD9C52}.Debug|Any CPU.ActiveCfg = Debug|Any CPU
		{EE23F65C-2C38-4085-A925-1A3639CD9C52}.Debug|Any CPU.Build.0 = Debug|Any CPU
		{EE23F65C-2C38-4085-A925-1A3639CD9C52}.Release|Any CPU.ActiveCfg = Release|Any CPU
		{EE23F65C-2C38-4085-A925-1A3639CD9C52}.Release|Any CPU.Build.0 = Release|Any CPU
		{33392E1B-0C8A-4BB9-B519-DFFFDB2DA13C}.Debug|Any CPU.ActiveCfg = Debug|Any CPU
		{33392E1B-0C8A-4BB9-B519-DFFFDB2DA13C}.Debug|Any CPU.Build.0 = Debug|Any CPU
		{33392E1B-0C8A-4BB9-B519-DFFFDB2DA13C}.Release|Any CPU.ActiveCfg = Release|Any CPU
		{33392E1B-0C8A-4BB9-B519-DFFFDB2DA13C}.Release|Any CPU.Build.0 = Release|Any CPU
		{4142E854-A09F-46B3-B102-8A0CD49C9C1F}.Debug|Any CPU.ActiveCfg = Debug|Any CPU
		{4142E854-A09F-46B3-B102-8A0CD49C9C1F}.Debug|Any CPU.Build.0 = Debug|Any CPU
		{4142E854-A09F-46B3-B102-8A0CD49C9C1F}.Release|Any CPU.ActiveCfg = Release|Any CPU
		{4142E854-A09F-46B3-B102-8A0CD49C9C1F}.Release|Any CPU.Build.0 = Release|Any CPU
	EndGlobalSection
	GlobalSection(SolutionProperties) = preSolution
		HideSolutionNode = FALSE
	EndGlobalSection
	GlobalSection(ExtensibilityGlobals) = postSolution
		SolutionGuid = {53137153-C401-46D8-BCCE-4E3F6134AF21}
	EndGlobalSection
EndGlobal
